// !$*UTF8*$!
{
	archiveVersion = 1;
	classes = {
	};
	objectVersion = 51;
	objects = {

/* Begin PBXBuildFile section */
		25AE2029FB6196822543BEC8 /* Pods_NeuroPilot.framework in Frameworks */ = {isa = PBXBuildFile; fileRef = BA5D2B48F69B2F714F0045AD /* Pods_NeuroPilot.framework */; };
		BC113594272EED9F00775A46 /* 23..json in Resources */ = {isa = PBXBuildFile; fileRef = BC113587272EED9E00775A46 /* 23..json */; };
		BC113595272EED9F00775A46 /* 27.json in Resources */ = {isa = PBXBuildFile; fileRef = BC113588272EED9E00775A46 /* 27.json */; };
		BC113597272EED9F00775A46 /* 30..json in Resources */ = {isa = PBXBuildFile; fileRef = BC11358A272EED9E00775A46 /* 30..json */; };
		BC113598272EED9F00775A46 /* 19.json in Resources */ = {isa = PBXBuildFile; fileRef = BC11358B272EED9E00775A46 /* 19.json */; };
		BC113599272EED9F00775A46 /* 20.json in Resources */ = {isa = PBXBuildFile; fileRef = BC11358C272EED9E00775A46 /* 20.json */; };
		BC11359A272EED9F00775A46 /* 21..json in Resources */ = {isa = PBXBuildFile; fileRef = BC11358D272EED9E00775A46 /* 21..json */; };
		BC11359C272EED9F00775A46 /* 29..json in Resources */ = {isa = PBXBuildFile; fileRef = BC11358F272EED9F00775A46 /* 29..json */; };
		BC11359D272EED9F00775A46 /* 26.json in Resources */ = {isa = PBXBuildFile; fileRef = BC113590272EED9F00775A46 /* 26.json */; };
		BC11359E272EED9F00775A46 /* 22.json in Resources */ = {isa = PBXBuildFile; fileRef = BC113591272EED9F00775A46 /* 22.json */; };
		BC11359F272EED9F00775A46 /* 28.json in Resources */ = {isa = PBXBuildFile; fileRef = BC113592272EED9F00775A46 /* 28.json */; };
		BC15BEE927043CCF005CA03F /* loginOrRegisterViewController.swift in Sources */ = {isa = PBXBuildFile; fileRef = BC15BEE827043CCF005CA03F /* loginOrRegisterViewController.swift */; };
		BC15BEEE27043D80005CA03F /* startTestViewController.swift in Sources */ = {isa = PBXBuildFile; fileRef = BC15BEED27043D80005CA03F /* startTestViewController.swift */; };
		BC15BEF027043DE6005CA03F /* QuestionsPageViewController.swift in Sources */ = {isa = PBXBuildFile; fileRef = BC15BEEF27043DE6005CA03F /* QuestionsPageViewController.swift */; };
		BC15BEF327043E96005CA03F /* loginViaUsernameViewController.swift in Sources */ = {isa = PBXBuildFile; fileRef = BC15BEF227043E96005CA03F /* loginViaUsernameViewController.swift */; };
		BC2846192711E8CC0078308F /* EmotionalViewController.swift in Sources */ = {isa = PBXBuildFile; fileRef = BC2846182711E8CC0078308F /* EmotionalViewController.swift */; };
		BC28461B2711EEEE0078308F /* PhysicalViewController.swift in Sources */ = {isa = PBXBuildFile; fileRef = BC28461A2711EEEE0078308F /* PhysicalViewController.swift */; };
		BC33B7BC26EBC58E00912CC6 /* onboardingViewController.swift in Sources */ = {isa = PBXBuildFile; fileRef = BC33B7BB26EBC58E00912CC6 /* onboardingViewController.swift */; };
		BC33B7C026EBCBBE00912CC6 /* Assets.xcassets in Resources */ = {isa = PBXBuildFile; fileRef = BC33B7BF26EBCBBE00912CC6 /* Assets.xcassets */; };
		BC33E2B226DD50EA00520B84 /* credentials.plist in Resources */ = {isa = PBXBuildFile; fileRef = BC33E2B126DD50EA00520B84 /* credentials.plist */; };
		BC3599B326EE11F6004BF358 /* forgotPasswordViewController.swift in Sources */ = {isa = PBXBuildFile; fileRef = BC3599B226EE11F6004BF358 /* forgotPasswordViewController.swift */; };
		BC4390AF270616190020CBF7 /* FirstTaskViewController.swift in Sources */ = {isa = PBXBuildFile; fileRef = BC4390AE270616180020CBF7 /* FirstTaskViewController.swift */; };
		BC583BF62703877A00FE5742 /* tableViewClass.swift in Sources */ = {isa = PBXBuildFile; fileRef = BC583BF52703877A00FE5742 /* tableViewClass.swift */; };
		BC5B9AC126E285C800DCA491 /* firstPageViewController.swift in Sources */ = {isa = PBXBuildFile; fileRef = BC5B9AC026E285C800DCA491 /* firstPageViewController.swift */; };
		BC5CE50427258F0A00259E26 /* FiraGO-Regular.otf in Resources */ = {isa = PBXBuildFile; fileRef = BC5CE50327258F0900259E26 /* FiraGO-Regular.otf */; };
		BC5CE50727258F3900259E26 /* FiraGO-SemiBold.otf in Resources */ = {isa = PBXBuildFile; fileRef = BC5CE50627258F3900259E26 /* FiraGO-SemiBold.otf */; };
		BC5CFC752709DB8E00AB1825 /* ProblemExchangeViewController.swift in Sources */ = {isa = PBXBuildFile; fileRef = BC5CFC742709DB8D00AB1825 /* ProblemExchangeViewController.swift */; };
		BC6BA4A826E3BBD500DAC918 /* profileViewController.swift in Sources */ = {isa = PBXBuildFile; fileRef = BC6BA4A726E3BBD400DAC918 /* profileViewController.swift */; };
		BC75942E27285F180072807A /* 11.json in Resources */ = {isa = PBXBuildFile; fileRef = BC75941E27285F140072807A /* 11.json */; };
		BC75942F27285F180072807A /* 13..json in Resources */ = {isa = PBXBuildFile; fileRef = BC75941F27285F140072807A /* 13..json */; };
		BC75943027285F180072807A /* 14..json in Resources */ = {isa = PBXBuildFile; fileRef = BC75942027285F150072807A /* 14..json */; };
		BC75943127285F180072807A /* 7..json in Resources */ = {isa = PBXBuildFile; fileRef = BC75942127285F150072807A /* 7..json */; };
		BC75943227285F180072807A /* 8.json in Resources */ = {isa = PBXBuildFile; fileRef = BC75942227285F150072807A /* 8.json */; };
		BC75943327285F180072807A /* 6..json in Resources */ = {isa = PBXBuildFile; fileRef = BC75942327285F150072807A /* 6..json */; };
		BC75943427285F180072807A /* 4.json in Resources */ = {isa = PBXBuildFile; fileRef = BC75942427285F160072807A /* 4.json */; };
		BC75943527285F180072807A /* 9..json in Resources */ = {isa = PBXBuildFile; fileRef = BC75942527285F160072807A /* 9..json */; };
		BC75943627285F180072807A /* 16.json in Resources */ = {isa = PBXBuildFile; fileRef = BC75942627285F160072807A /* 16.json */; };
		BC75943727285F180072807A /* 5.json in Resources */ = {isa = PBXBuildFile; fileRef = BC75942727285F170072807A /* 5.json */; };
		BC75943827285F180072807A /* 2.json in Resources */ = {isa = PBXBuildFile; fileRef = BC75942827285F170072807A /* 2.json */; };
		BC75943927285F180072807A /* 12.json in Resources */ = {isa = PBXBuildFile; fileRef = BC75942927285F170072807A /* 12.json */; };
		BC75943A27285F180072807A /* 10..json in Resources */ = {isa = PBXBuildFile; fileRef = BC75942A27285F170072807A /* 10..json */; };
		BC75943B27285F180072807A /* 3.json in Resources */ = {isa = PBXBuildFile; fileRef = BC75942B27285F180072807A /* 3.json */; };
		BC75943C27285F180072807A /* 15..json in Resources */ = {isa = PBXBuildFile; fileRef = BC75942C27285F180072807A /* 15..json */; };
		BC75943D27285F180072807A /* 17..json in Resources */ = {isa = PBXBuildFile; fileRef = BC75942D27285F180072807A /* 17..json */; };
		BC841B9F273AE76000D959E7 /* 18.json in Resources */ = {isa = PBXBuildFile; fileRef = BC841B9E273AE76000D959E7 /* 18.json */; };
		BC841BEC273B1FBE00D959E7 /* ocdaotxi.json in Resources */ = {isa = PBXBuildFile; fileRef = BC841BEA273B1FBE00D959E7 /* ocdaotxi.json */; };
		BC841BEF273B225D00D959E7 /* ocdaxuti.json in Resources */ = {isa = PBXBuildFile; fileRef = BC841BEE273B225D00D959E7 /* ocdaxuti.json */; };
		BC87500B2700ACB2006B7834 /* fetchName.swift in Sources */ = {isa = PBXBuildFile; fileRef = BC87500A2700ACB2006B7834 /* fetchName.swift */; };
		BC87501027022954006B7834 /* taskViewController.swift in Sources */ = {isa = PBXBuildFile; fileRef = BC87500F27022954006B7834 /* taskViewController.swift */; };
		BC90135E273D93A800012180 /* 06.json in Resources */ = {isa = PBXBuildFile; fileRef = BC901347273D93A700012180 /* 06.json */; };
		BC90135F273D93A800012180 /* 021.json in Resources */ = {isa = PBXBuildFile; fileRef = BC901348273D93A700012180 /* 021.json */; };
		BC901360273D93A800012180 /* 013.json in Resources */ = {isa = PBXBuildFile; fileRef = BC901349273D93A700012180 /* 013.json */; };
		BC901361273D93A800012180 /* 05.json in Resources */ = {isa = PBXBuildFile; fileRef = BC90134A273D93A700012180 /* 05.json */; };
		BC901362273D93A800012180 /* 017.json in Resources */ = {isa = PBXBuildFile; fileRef = BC90134B273D93A700012180 /* 017.json */; };
		BC901363273D93A800012180 /* 012.json in Resources */ = {isa = PBXBuildFile; fileRef = BC90134C273D93A700012180 /* 012.json */; };
		BC901364273D93A800012180 /* 019.json in Resources */ = {isa = PBXBuildFile; fileRef = BC90134D273D93A700012180 /* 019.json */; };
		BC901365273D93A800012180 /* 010..json in Resources */ = {isa = PBXBuildFile; fileRef = BC90134E273D93A700012180 /* 010..json */; };
		BC901366273D93A800012180 /* 020.json in Resources */ = {isa = PBXBuildFile; fileRef = BC90134F273D93A700012180 /* 020.json */; };
		BC901367273D93A800012180 /* 03..json in Resources */ = {isa = PBXBuildFile; fileRef = BC901350273D93A700012180 /* 03..json */; };
		BC901368273D93A800012180 /* 011..json in Resources */ = {isa = PBXBuildFile; fileRef = BC901351273D93A700012180 /* 011..json */; };
		BC901369273D93A800012180 /* 04.json in Resources */ = {isa = PBXBuildFile; fileRef = BC901352273D93A700012180 /* 04.json */; };
		BC90136A273D93A800012180 /* 014.json in Resources */ = {isa = PBXBuildFile; fileRef = BC901353273D93A700012180 /* 014.json */; };
		BC90136B273D93A800012180 /* 016.json in Resources */ = {isa = PBXBuildFile; fileRef = BC901354273D93A700012180 /* 016.json */; };
		BC90136D273D93A800012180 /* 018.json in Resources */ = {isa = PBXBuildFile; fileRef = BC901356273D93A700012180 /* 018.json */; };
		BC90136E273D93A800012180 /* 09..json in Resources */ = {isa = PBXBuildFile; fileRef = BC901357273D93A700012180 /* 09..json */; };
		BC90136F273D93A800012180 /* 07.json in Resources */ = {isa = PBXBuildFile; fileRef = BC901358273D93A700012180 /* 07.json */; };
		BC901370273D93A800012180 /* 02.json in Resources */ = {isa = PBXBuildFile; fileRef = BC901359273D93A700012180 /* 02.json */; };
		BC901371273D93A800012180 /* 08..json in Resources */ = {isa = PBXBuildFile; fileRef = BC90135A273D93A700012180 /* 08..json */; };
		BC901372273D93A800012180 /* 015.json in Resources */ = {isa = PBXBuildFile; fileRef = BC90135B273D93A700012180 /* 015.json */; };
		BC901376273D945D00012180 /* enumRoot.swift in Sources */ = {isa = PBXBuildFile; fileRef = BC901375273D945D00012180 /* enumRoot.swift */; };
		BC901396273D952A00012180 /* 32.json in Resources */ = {isa = PBXBuildFile; fileRef = BC901389273D952A00012180 /* 32.json */; };
		BC901397273D952A00012180 /* 36.json in Resources */ = {isa = PBXBuildFile; fileRef = BC90138A273D952A00012180 /* 36.json */; };
		BC901398273D952A00012180 /* 42.json in Resources */ = {isa = PBXBuildFile; fileRef = BC90138B273D952A00012180 /* 42.json */; };
		BC901399273D952A00012180 /* 35..json in Resources */ = {isa = PBXBuildFile; fileRef = BC90138C273D952A00012180 /* 35..json */; };
		BC90139A273D952A00012180 /* 31.json in Resources */ = {isa = PBXBuildFile; fileRef = BC90138D273D952A00012180 /* 31.json */; };
		BC90139B273D952A00012180 /* 37.json in Resources */ = {isa = PBXBuildFile; fileRef = BC90138E273D952A00012180 /* 37.json */; };
		BC90139C273D952A00012180 /* 38..json in Resources */ = {isa = PBXBuildFile; fileRef = BC90138F273D952A00012180 /* 38..json */; };
		BC90139D273D952A00012180 /* 40.json in Resources */ = {isa = PBXBuildFile; fileRef = BC901390273D952A00012180 /* 40.json */; };
		BC90139E273D952A00012180 /* 39.json in Resources */ = {isa = PBXBuildFile; fileRef = BC901391273D952A00012180 /* 39.json */; };
		BC90139F273D952A00012180 /* 34..json in Resources */ = {isa = PBXBuildFile; fileRef = BC901392273D952A00012180 /* 34..json */; };
		BC9013A0273D952A00012180 /* 41.json in Resources */ = {isa = PBXBuildFile; fileRef = BC901393273D952A00012180 /* 41.json */; };
		BC9013A1273D952A00012180 /* 33.json in Resources */ = {isa = PBXBuildFile; fileRef = BC901394273D952A00012180 /* 33.json */; };
		BC9013A2273D952A00012180 /* 43.json in Resources */ = {isa = PBXBuildFile; fileRef = BC901395273D952A00012180 /* 43.json */; };
		BCA56CA127270C4E00780883 /* 1.json in Resources */ = {isa = PBXBuildFile; fileRef = BCA56CA027270C4E00780883 /* 1.json */; };
		BCA56CA32727136300780883 /* beforeSession.json in Resources */ = {isa = PBXBuildFile; fileRef = BCA56CA22727136200780883 /* beforeSession.json */; };
		BCB8C5DB26FBA4D200E00BB4 /* DemoTableViewCell.swift in Sources */ = {isa = PBXBuildFile; fileRef = BCB8C5D926FBA4D200E00BB4 /* DemoTableViewCell.swift */; };
		BCB8C5DC26FBA4D200E00BB4 /* DemoTableViewCell.xib in Resources */ = {isa = PBXBuildFile; fileRef = BCB8C5DA26FBA4D200E00BB4 /* DemoTableViewCell.xib */; };
		BCC2341E2719F2E70032EB22 /* BankPageViewController.swift in Sources */ = {isa = PBXBuildFile; fileRef = BCC2341D2719F2E70032EB22 /* BankPageViewController.swift */; };
		BCC23420271A019C0032EB22 /* 79952-successful.json in Resources */ = {isa = PBXBuildFile; fileRef = BCC2341F271A019C0032EB22 /* 79952-successful.json */; };
		BCED66B52718993600D8D184 /* SaleItemsViewController.swift in Sources */ = {isa = PBXBuildFile; fileRef = BCED66B42718993600D8D184 /* SaleItemsViewController.swift */; };
		BCED66C02718AD6600D8D184 /* DemoCollectionViewCell.swift in Sources */ = {isa = PBXBuildFile; fileRef = BCED66BE2718AD6600D8D184 /* DemoCollectionViewCell.swift */; };
		BCED66C12718AD6600D8D184 /* DemoCollectionViewCell.xib in Resources */ = {isa = PBXBuildFile; fileRef = BCED66BF2718AD6600D8D184 /* DemoCollectionViewCell.xib */; };
		BCEEE93F26DE207D00C46AC8 /* registerViewController.swift in Sources */ = {isa = PBXBuildFile; fileRef = BCEEE93E26DE207D00C46AC8 /* registerViewController.swift */; };
		BCF17E94271F379B00F82F18 /* SessionViewController.swift in Sources */ = {isa = PBXBuildFile; fileRef = BCF17E93271F379B00F82F18 /* SessionViewController.swift */; };
		BCF17E97271F412400F82F18 /* SessionSecondViewController.swift in Sources */ = {isa = PBXBuildFile; fileRef = BCF17E96271F412400F82F18 /* SessionSecondViewController.swift */; };
		BCF84CE026D14A1F00DC6691 /* AppDelegate.swift in Sources */ = {isa = PBXBuildFile; fileRef = BCF84CDF26D14A1F00DC6691 /* AppDelegate.swift */; };
		BCF84CE226D14A1F00DC6691 /* SceneDelegate.swift in Sources */ = {isa = PBXBuildFile; fileRef = BCF84CE126D14A1F00DC6691 /* SceneDelegate.swift */; };
		BCF84CE426D14A1F00DC6691 /* loginViewController.swift in Sources */ = {isa = PBXBuildFile; fileRef = BCF84CE326D14A1F00DC6691 /* loginViewController.swift */; };
		BCF84CEC26D14A2000DC6691 /* LaunchScreen.storyboard in Resources */ = {isa = PBXBuildFile; fileRef = BCF84CEA26D14A2000DC6691 /* LaunchScreen.storyboard */; };
		BCF84CF426D14A8200DC6691 /* GoogleService-Info.plist in Resources */ = {isa = PBXBuildFile; fileRef = BCF84CF326D14A8200DC6691 /* GoogleService-Info.plist */; };
		BCFA8E7127176663001972AD /* PurchasePageViewController.swift in Sources */ = {isa = PBXBuildFile; fileRef = BCFA8E7027176663001972AD /* PurchasePageViewController.swift */; };
/* End PBXBuildFile section */

/* Begin PBXFileReference section */
		5DF957FCA12361BFB519DDE3 /* Pods-NeuroPilot.release.xcconfig */ = {isa = PBXFileReference; includeInIndex = 1; lastKnownFileType = text.xcconfig; name = "Pods-NeuroPilot.release.xcconfig"; path = "Target Support Files/Pods-NeuroPilot/Pods-NeuroPilot.release.xcconfig"; sourceTree = "<group>"; };
		BA5D2B48F69B2F714F0045AD /* Pods_NeuroPilot.framework */ = {isa = PBXFileReference; explicitFileType = wrapper.framework; includeInIndex = 0; path = Pods_NeuroPilot.framework; sourceTree = BUILT_PRODUCTS_DIR; };
		BC113587272EED9E00775A46 /* 23..json */ = {isa = PBXFileReference; fileEncoding = 4; lastKnownFileType = text.json; name = 23..json; path = "../../../../../../../../Downloads/ბოლო ჩასწორება/პრობლემა 1/2 სესია/23..json"; sourceTree = "<group>"; };
		BC113588272EED9E00775A46 /* 27.json */ = {isa = PBXFileReference; fileEncoding = 4; lastKnownFileType = text.json; name = 27.json; path = "../../../../../../../../Downloads/ბოლო ჩასწორება/პრობლემა 1/2 სესია/27.json"; sourceTree = "<group>"; };
		BC11358A272EED9E00775A46 /* 30..json */ = {isa = PBXFileReference; fileEncoding = 4; lastKnownFileType = text.json; name = 30..json; path = "../../../../../../../../Downloads/ბოლო ჩასწორება/პრობლემა 1/2 სესია/30..json"; sourceTree = "<group>"; };
		BC11358B272EED9E00775A46 /* 19.json */ = {isa = PBXFileReference; fileEncoding = 4; lastKnownFileType = text.json; name = 19.json; path = "../../../../../../../../Downloads/ბოლო ჩასწორება/პრობლემა 1/2 სესია/19.json"; sourceTree = "<group>"; };
		BC11358C272EED9E00775A46 /* 20.json */ = {isa = PBXFileReference; fileEncoding = 4; lastKnownFileType = text.json; name = 20.json; path = "../../../../../../../../Downloads/ბოლო ჩასწორება/პრობლემა 1/2 სესია/20.json"; sourceTree = "<group>"; };
		BC11358D272EED9E00775A46 /* 21..json */ = {isa = PBXFileReference; fileEncoding = 4; lastKnownFileType = text.json; name = 21..json; path = "../../../../../../../../Downloads/ბოლო ჩასწორება/პრობლემა 1/2 სესია/21..json"; sourceTree = "<group>"; };
		BC11358F272EED9F00775A46 /* 29..json */ = {isa = PBXFileReference; fileEncoding = 4; lastKnownFileType = text.json; name = 29..json; path = "../../../../../../../../Downloads/ბოლო ჩასწორება/პრობლემა 1/2 სესია/29..json"; sourceTree = "<group>"; };
		BC113590272EED9F00775A46 /* 26.json */ = {isa = PBXFileReference; fileEncoding = 4; lastKnownFileType = text.json; name = 26.json; path = "../../../../../../../../Downloads/ბოლო ჩასწორება/პრობლემა 1/2 სესია/26.json"; sourceTree = "<group>"; };
		BC113591272EED9F00775A46 /* 22.json */ = {isa = PBXFileReference; fileEncoding = 4; lastKnownFileType = text.json; name = 22.json; path = "../../../../../../../../Downloads/ბოლო ჩასწორება/პრობლემა 1/2 სესია/22.json"; sourceTree = "<group>"; };
		BC113592272EED9F00775A46 /* 28.json */ = {isa = PBXFileReference; fileEncoding = 4; lastKnownFileType = text.json; name = 28.json; path = "../../../../../../../../Downloads/ბოლო ჩასწორება/პრობლემა 1/2 სესია/28.json"; sourceTree = "<group>"; };
		BC15BEE827043CCF005CA03F /* loginOrRegisterViewController.swift */ = {isa = PBXFileReference; lastKnownFileType = sourcecode.swift; path = loginOrRegisterViewController.swift; sourceTree = "<group>"; };
		BC15BEED27043D80005CA03F /* startTestViewController.swift */ = {isa = PBXFileReference; lastKnownFileType = sourcecode.swift; path = startTestViewController.swift; sourceTree = "<group>"; };
		BC15BEEF27043DE6005CA03F /* QuestionsPageViewController.swift */ = {isa = PBXFileReference; lastKnownFileType = sourcecode.swift; path = QuestionsPageViewController.swift; sourceTree = "<group>"; };
		BC15BEF227043E96005CA03F /* loginViaUsernameViewController.swift */ = {isa = PBXFileReference; lastKnownFileType = sourcecode.swift; path = loginViaUsernameViewController.swift; sourceTree = "<group>"; };
		BC2846182711E8CC0078308F /* EmotionalViewController.swift */ = {isa = PBXFileReference; lastKnownFileType = sourcecode.swift; path = EmotionalViewController.swift; sourceTree = "<group>"; };
		BC28461A2711EEEE0078308F /* PhysicalViewController.swift */ = {isa = PBXFileReference; lastKnownFileType = sourcecode.swift; path = PhysicalViewController.swift; sourceTree = "<group>"; };
		BC33B7BB26EBC58E00912CC6 /* onboardingViewController.swift */ = {isa = PBXFileReference; lastKnownFileType = sourcecode.swift; path = onboardingViewController.swift; sourceTree = "<group>"; };
		BC33B7BF26EBCBBE00912CC6 /* Assets.xcassets */ = {isa = PBXFileReference; lastKnownFileType = folder.assetcatalog; path = Assets.xcassets; sourceTree = "<group>"; };
		BC33E2B126DD50EA00520B84 /* credentials.plist */ = {isa = PBXFileReference; fileEncoding = 4; lastKnownFileType = text.plist.xml; path = credentials.plist; sourceTree = "<group>"; };
		BC3599B226EE11F6004BF358 /* forgotPasswordViewController.swift */ = {isa = PBXFileReference; lastKnownFileType = sourcecode.swift; path = forgotPasswordViewController.swift; sourceTree = "<group>"; };
		BC4390AE270616180020CBF7 /* FirstTaskViewController.swift */ = {isa = PBXFileReference; lastKnownFileType = sourcecode.swift; path = FirstTaskViewController.swift; sourceTree = "<group>"; };
		BC583BF52703877A00FE5742 /* tableViewClass.swift */ = {isa = PBXFileReference; lastKnownFileType = sourcecode.swift; path = tableViewClass.swift; sourceTree = "<group>"; };
		BC5B9AC026E285C800DCA491 /* firstPageViewController.swift */ = {isa = PBXFileReference; lastKnownFileType = sourcecode.swift; path = firstPageViewController.swift; sourceTree = "<group>"; };
		BC5CE50327258F0900259E26 /* FiraGO-Regular.otf */ = {isa = PBXFileReference; lastKnownFileType = file; path = "FiraGO-Regular.otf"; sourceTree = "<group>"; };
		BC5CE50627258F3900259E26 /* FiraGO-SemiBold.otf */ = {isa = PBXFileReference; lastKnownFileType = file; path = "FiraGO-SemiBold.otf"; sourceTree = "<group>"; };
		BC5CFC742709DB8D00AB1825 /* ProblemExchangeViewController.swift */ = {isa = PBXFileReference; lastKnownFileType = sourcecode.swift; path = ProblemExchangeViewController.swift; sourceTree = "<group>"; };
		BC6BA4A726E3BBD400DAC918 /* profileViewController.swift */ = {isa = PBXFileReference; lastKnownFileType = sourcecode.swift; path = profileViewController.swift; sourceTree = "<group>"; };
		BC75941E27285F140072807A /* 11.json */ = {isa = PBXFileReference; fileEncoding = 4; lastKnownFileType = text.json; path = 11.json; sourceTree = "<group>"; };
		BC75941F27285F140072807A /* 13..json */ = {isa = PBXFileReference; fileEncoding = 4; lastKnownFileType = text.json; path = 13..json; sourceTree = "<group>"; };
		BC75942027285F150072807A /* 14..json */ = {isa = PBXFileReference; fileEncoding = 4; lastKnownFileType = text.json; path = 14..json; sourceTree = "<group>"; };
		BC75942127285F150072807A /* 7..json */ = {isa = PBXFileReference; fileEncoding = 4; lastKnownFileType = text.json; path = 7..json; sourceTree = "<group>"; };
		BC75942227285F150072807A /* 8.json */ = {isa = PBXFileReference; fileEncoding = 4; lastKnownFileType = text.json; path = 8.json; sourceTree = "<group>"; };
		BC75942327285F150072807A /* 6..json */ = {isa = PBXFileReference; fileEncoding = 4; lastKnownFileType = text.json; path = 6..json; sourceTree = "<group>"; };
		BC75942427285F160072807A /* 4.json */ = {isa = PBXFileReference; fileEncoding = 4; lastKnownFileType = text.json; path = 4.json; sourceTree = "<group>"; };
		BC75942527285F160072807A /* 9..json */ = {isa = PBXFileReference; fileEncoding = 4; lastKnownFileType = text.json; path = 9..json; sourceTree = "<group>"; };
		BC75942627285F160072807A /* 16.json */ = {isa = PBXFileReference; fileEncoding = 4; lastKnownFileType = text.json; path = 16.json; sourceTree = "<group>"; };
		BC75942727285F170072807A /* 5.json */ = {isa = PBXFileReference; fileEncoding = 4; lastKnownFileType = text.json; path = 5.json; sourceTree = "<group>"; };
		BC75942827285F170072807A /* 2.json */ = {isa = PBXFileReference; fileEncoding = 4; lastKnownFileType = text.json; path = 2.json; sourceTree = "<group>"; };
		BC75942927285F170072807A /* 12.json */ = {isa = PBXFileReference; fileEncoding = 4; lastKnownFileType = text.json; path = 12.json; sourceTree = "<group>"; };
		BC75942A27285F170072807A /* 10..json */ = {isa = PBXFileReference; fileEncoding = 4; lastKnownFileType = text.json; path = 10..json; sourceTree = "<group>"; };
		BC75942B27285F180072807A /* 3.json */ = {isa = PBXFileReference; fileEncoding = 4; lastKnownFileType = text.json; path = 3.json; sourceTree = "<group>"; };
		BC75942C27285F180072807A /* 15..json */ = {isa = PBXFileReference; fileEncoding = 4; lastKnownFileType = text.json; path = 15..json; sourceTree = "<group>"; };
		BC75942D27285F180072807A /* 17..json */ = {isa = PBXFileReference; fileEncoding = 4; lastKnownFileType = text.json; path = 17..json; sourceTree = "<group>"; };
		BC841B9E273AE76000D959E7 /* 18.json */ = {isa = PBXFileReference; fileEncoding = 4; lastKnownFileType = text.json; path = 18.json; sourceTree = "<group>"; };
		BC841BEA273B1FBE00D959E7 /* ocdaotxi.json */ = {isa = PBXFileReference; fileEncoding = 4; lastKnownFileType = text.json; path = ocdaotxi.json; sourceTree = "<group>"; };
		BC841BEE273B225D00D959E7 /* ocdaxuti.json */ = {isa = PBXFileReference; fileEncoding = 4; lastKnownFileType = text.json; path = ocdaxuti.json; sourceTree = "<group>"; };
		BC87500A2700ACB2006B7834 /* fetchName.swift */ = {isa = PBXFileReference; lastKnownFileType = sourcecode.swift; path = fetchName.swift; sourceTree = "<group>"; };
		BC87500F27022954006B7834 /* taskViewController.swift */ = {isa = PBXFileReference; lastKnownFileType = sourcecode.swift; path = taskViewController.swift; sourceTree = "<group>"; };
		BC901347273D93A700012180 /* 06.json */ = {isa = PBXFileReference; fileEncoding = 4; lastKnownFileType = text.json; name = 06.json; path = "JSON/Problem 2 Season 1/06.json"; sourceTree = SOURCE_ROOT; };
		BC901348273D93A700012180 /* 021.json */ = {isa = PBXFileReference; fileEncoding = 4; lastKnownFileType = text.json; name = 021.json; path = "JSON/Problem 2 Season 1/021.json"; sourceTree = SOURCE_ROOT; };
		BC901349273D93A700012180 /* 013.json */ = {isa = PBXFileReference; fileEncoding = 4; lastKnownFileType = text.json; name = 013.json; path = "JSON/Problem 2 Season 1/013.json"; sourceTree = SOURCE_ROOT; };
		BC90134A273D93A700012180 /* 05.json */ = {isa = PBXFileReference; fileEncoding = 4; lastKnownFileType = text.json; name = 05.json; path = "JSON/Problem 2 Season 1/05.json"; sourceTree = SOURCE_ROOT; };
		BC90134B273D93A700012180 /* 017.json */ = {isa = PBXFileReference; fileEncoding = 4; lastKnownFileType = text.json; name = 017.json; path = "JSON/Problem 2 Season 1/017.json"; sourceTree = SOURCE_ROOT; };
		BC90134C273D93A700012180 /* 012.json */ = {isa = PBXFileReference; fileEncoding = 4; lastKnownFileType = text.json; name = 012.json; path = "JSON/Problem 2 Season 1/012.json"; sourceTree = SOURCE_ROOT; };
		BC90134D273D93A700012180 /* 019.json */ = {isa = PBXFileReference; fileEncoding = 4; lastKnownFileType = text.json; name = 019.json; path = "JSON/Problem 2 Season 1/019.json"; sourceTree = SOURCE_ROOT; };
		BC90134E273D93A700012180 /* 010..json */ = {isa = PBXFileReference; fileEncoding = 4; lastKnownFileType = text.json; name = 010..json; path = "JSON/Problem 2 Season 1/010..json"; sourceTree = SOURCE_ROOT; };
		BC90134F273D93A700012180 /* 020.json */ = {isa = PBXFileReference; fileEncoding = 4; lastKnownFileType = text.json; name = 020.json; path = "JSON/Problem 2 Season 1/020.json"; sourceTree = SOURCE_ROOT; };
		BC901350273D93A700012180 /* 03..json */ = {isa = PBXFileReference; fileEncoding = 4; lastKnownFileType = text.json; name = 03..json; path = "JSON/Problem 2 Season 1/03..json"; sourceTree = SOURCE_ROOT; };
		BC901351273D93A700012180 /* 011..json */ = {isa = PBXFileReference; fileEncoding = 4; lastKnownFileType = text.json; name = 011..json; path = "JSON/Problem 2 Season 1/011..json"; sourceTree = SOURCE_ROOT; };
		BC901352273D93A700012180 /* 04.json */ = {isa = PBXFileReference; fileEncoding = 4; lastKnownFileType = text.json; name = 04.json; path = "JSON/Problem 2 Season 1/04.json"; sourceTree = SOURCE_ROOT; };
		BC901353273D93A700012180 /* 014.json */ = {isa = PBXFileReference; fileEncoding = 4; lastKnownFileType = text.json; name = 014.json; path = "JSON/Problem 2 Season 1/014.json"; sourceTree = SOURCE_ROOT; };
		BC901354273D93A700012180 /* 016.json */ = {isa = PBXFileReference; fileEncoding = 4; lastKnownFileType = text.json; name = 016.json; path = "JSON/Problem 2 Season 1/016.json"; sourceTree = SOURCE_ROOT; };
		BC901356273D93A700012180 /* 018.json */ = {isa = PBXFileReference; fileEncoding = 4; lastKnownFileType = text.json; name = 018.json; path = "JSON/Problem 2 Season 1/018.json"; sourceTree = SOURCE_ROOT; };
		BC901357273D93A700012180 /* 09..json */ = {isa = PBXFileReference; fileEncoding = 4; lastKnownFileType = text.json; name = 09..json; path = "JSON/Problem 2 Season 1/09..json"; sourceTree = SOURCE_ROOT; };
		BC901358273D93A700012180 /* 07.json */ = {isa = PBXFileReference; fileEncoding = 4; lastKnownFileType = text.json; name = 07.json; path = "JSON/Problem 2 Season 1/07.json"; sourceTree = SOURCE_ROOT; };
		BC901359273D93A700012180 /* 02.json */ = {isa = PBXFileReference; fileEncoding = 4; lastKnownFileType = text.json; name = 02.json; path = "JSON/Problem 2 Season 1/02.json"; sourceTree = SOURCE_ROOT; };
		BC90135A273D93A700012180 /* 08..json */ = {isa = PBXFileReference; fileEncoding = 4; lastKnownFileType = text.json; name = 08..json; path = "JSON/Problem 2 Season 1/08..json"; sourceTree = SOURCE_ROOT; };
		BC90135B273D93A700012180 /* 015.json */ = {isa = PBXFileReference; fileEncoding = 4; lastKnownFileType = text.json; name = 015.json; path = "JSON/Problem 2 Season 1/015.json"; sourceTree = SOURCE_ROOT; };
		BC901375273D945D00012180 /* enumRoot.swift */ = {isa = PBXFileReference; fileEncoding = 4; lastKnownFileType = sourcecode.swift; name = enumRoot.swift; path = NeuroPilot/Animations/Problem2/AllSessions/enumRoot.swift; sourceTree = SOURCE_ROOT; };
		BC901389273D952A00012180 /* 32.json */ = {isa = PBXFileReference; fileEncoding = 4; lastKnownFileType = text.json; name = 32.json; path = "JSON/Problem 1/Session3/32.json"; sourceTree = SOURCE_ROOT; };
		BC90138A273D952A00012180 /* 36.json */ = {isa = PBXFileReference; fileEncoding = 4; lastKnownFileType = text.json; name = 36.json; path = "JSON/Problem 1/Session3/36.json"; sourceTree = SOURCE_ROOT; };
		BC90138B273D952A00012180 /* 42.json */ = {isa = PBXFileReference; fileEncoding = 4; lastKnownFileType = text.json; name = 42.json; path = "JSON/Problem 1/Session3/42.json"; sourceTree = SOURCE_ROOT; };
		BC90138C273D952A00012180 /* 35..json */ = {isa = PBXFileReference; fileEncoding = 4; lastKnownFileType = text.json; name = 35..json; path = "JSON/Problem 1/Session3/35..json"; sourceTree = SOURCE_ROOT; };
		BC90138D273D952A00012180 /* 31.json */ = {isa = PBXFileReference; fileEncoding = 4; lastKnownFileType = text.json; name = 31.json; path = "JSON/Problem 1/Session3/31.json"; sourceTree = SOURCE_ROOT; };
		BC90138E273D952A00012180 /* 37.json */ = {isa = PBXFileReference; fileEncoding = 4; lastKnownFileType = text.json; name = 37.json; path = "JSON/Problem 1/Session3/37.json"; sourceTree = SOURCE_ROOT; };
		BC90138F273D952A00012180 /* 38..json */ = {isa = PBXFileReference; fileEncoding = 4; lastKnownFileType = text.json; name = 38..json; path = "JSON/Problem 1/Session3/38..json"; sourceTree = SOURCE_ROOT; };
		BC901390273D952A00012180 /* 40.json */ = {isa = PBXFileReference; fileEncoding = 4; lastKnownFileType = text.json; name = 40.json; path = "JSON/Problem 1/Session3/40.json"; sourceTree = SOURCE_ROOT; };
		BC901391273D952A00012180 /* 39.json */ = {isa = PBXFileReference; fileEncoding = 4; lastKnownFileType = text.json; name = 39.json; path = "JSON/Problem 1/Session3/39.json"; sourceTree = SOURCE_ROOT; };
		BC901392273D952A00012180 /* 34..json */ = {isa = PBXFileReference; fileEncoding = 4; lastKnownFileType = text.json; name = 34..json; path = "JSON/Problem 1/Session3/34..json"; sourceTree = SOURCE_ROOT; };
		BC901393273D952A00012180 /* 41.json */ = {isa = PBXFileReference; fileEncoding = 4; lastKnownFileType = text.json; name = 41.json; path = "JSON/Problem 1/Session3/41.json"; sourceTree = SOURCE_ROOT; };
		BC901394273D952A00012180 /* 33.json */ = {isa = PBXFileReference; fileEncoding = 4; lastKnownFileType = text.json; name = 33.json; path = "JSON/Problem 1/Session3/33.json"; sourceTree = SOURCE_ROOT; };
		BC901395273D952A00012180 /* 43.json */ = {isa = PBXFileReference; fileEncoding = 4; lastKnownFileType = text.json; name = 43.json; path = "JSON/Problem 1/Session3/43.json"; sourceTree = SOURCE_ROOT; };
		BCA56CA027270C4E00780883 /* 1.json */ = {isa = PBXFileReference; fileEncoding = 4; lastKnownFileType = text.json; path = 1.json; sourceTree = "<group>"; };
		BCA56CA22727136200780883 /* beforeSession.json */ = {isa = PBXFileReference; fileEncoding = 4; lastKnownFileType = text.json; path = beforeSession.json; sourceTree = "<group>"; };
		BCB5DE7E26E5561E0057AC02 /* NeuroPilot.entitlements */ = {isa = PBXFileReference; lastKnownFileType = text.plist.entitlements; path = NeuroPilot.entitlements; sourceTree = "<group>"; };
		BCB8C5D926FBA4D200E00BB4 /* DemoTableViewCell.swift */ = {isa = PBXFileReference; lastKnownFileType = sourcecode.swift; path = DemoTableViewCell.swift; sourceTree = "<group>"; };
		BCB8C5DA26FBA4D200E00BB4 /* DemoTableViewCell.xib */ = {isa = PBXFileReference; lastKnownFileType = file.xib; path = DemoTableViewCell.xib; sourceTree = "<group>"; };
		BCC2341D2719F2E70032EB22 /* BankPageViewController.swift */ = {isa = PBXFileReference; lastKnownFileType = sourcecode.swift; path = BankPageViewController.swift; sourceTree = "<group>"; };
		BCC2341F271A019C0032EB22 /* 79952-successful.json */ = {isa = PBXFileReference; fileEncoding = 4; lastKnownFileType = text.json; path = "79952-successful.json"; sourceTree = "<group>"; };
		BCED66B42718993600D8D184 /* SaleItemsViewController.swift */ = {isa = PBXFileReference; lastKnownFileType = sourcecode.swift; path = SaleItemsViewController.swift; sourceTree = "<group>"; };
		BCED66BE2718AD6600D8D184 /* DemoCollectionViewCell.swift */ = {isa = PBXFileReference; lastKnownFileType = sourcecode.swift; path = DemoCollectionViewCell.swift; sourceTree = "<group>"; };
		BCED66BF2718AD6600D8D184 /* DemoCollectionViewCell.xib */ = {isa = PBXFileReference; lastKnownFileType = file.xib; path = DemoCollectionViewCell.xib; sourceTree = "<group>"; };
		BCEEE93E26DE207D00C46AC8 /* registerViewController.swift */ = {isa = PBXFileReference; lastKnownFileType = sourcecode.swift; path = registerViewController.swift; sourceTree = "<group>"; };
		BCF17E93271F379B00F82F18 /* SessionViewController.swift */ = {isa = PBXFileReference; lastKnownFileType = sourcecode.swift; path = SessionViewController.swift; sourceTree = "<group>"; };
		BCF17E96271F412400F82F18 /* SessionSecondViewController.swift */ = {isa = PBXFileReference; lastKnownFileType = sourcecode.swift; path = SessionSecondViewController.swift; sourceTree = "<group>"; };
		BCF84CDC26D14A1F00DC6691 /* NeuroPilot.app */ = {isa = PBXFileReference; explicitFileType = wrapper.application; includeInIndex = 0; path = NeuroPilot.app; sourceTree = BUILT_PRODUCTS_DIR; };
		BCF84CDF26D14A1F00DC6691 /* AppDelegate.swift */ = {isa = PBXFileReference; lastKnownFileType = sourcecode.swift; path = AppDelegate.swift; sourceTree = "<group>"; };
		BCF84CE126D14A1F00DC6691 /* SceneDelegate.swift */ = {isa = PBXFileReference; lastKnownFileType = sourcecode.swift; path = SceneDelegate.swift; sourceTree = "<group>"; };
		BCF84CE326D14A1F00DC6691 /* loginViewController.swift */ = {isa = PBXFileReference; lastKnownFileType = sourcecode.swift; path = loginViewController.swift; sourceTree = "<group>"; };
		BCF84CEB26D14A2000DC6691 /* Base */ = {isa = PBXFileReference; lastKnownFileType = file.storyboard; name = Base; path = Base.lproj/LaunchScreen.storyboard; sourceTree = "<group>"; };
		BCF84CED26D14A2000DC6691 /* Info.plist */ = {isa = PBXFileReference; lastKnownFileType = text.plist.xml; path = Info.plist; sourceTree = "<group>"; };
		BCF84CF326D14A8200DC6691 /* GoogleService-Info.plist */ = {isa = PBXFileReference; fileEncoding = 4; lastKnownFileType = text.plist.xml; path = "GoogleService-Info.plist"; sourceTree = "<group>"; };
		BCFA8E7027176663001972AD /* PurchasePageViewController.swift */ = {isa = PBXFileReference; lastKnownFileType = sourcecode.swift; path = PurchasePageViewController.swift; sourceTree = "<group>"; };
		E61C48BA0FB684A3E7096039 /* Pods-NeuroPilot.debug.xcconfig */ = {isa = PBXFileReference; includeInIndex = 1; lastKnownFileType = text.xcconfig; name = "Pods-NeuroPilot.debug.xcconfig"; path = "Target Support Files/Pods-NeuroPilot/Pods-NeuroPilot.debug.xcconfig"; sourceTree = "<group>"; };
/* End PBXFileReference section */

/* Begin PBXFrameworksBuildPhase section */
		BCF84CD926D14A1E00DC6691 /* Frameworks */ = {
			isa = PBXFrameworksBuildPhase;
			buildActionMask = 2147483647;
			files = (
				25AE2029FB6196822543BEC8 /* Pods_NeuroPilot.framework in Frameworks */,
			);
			runOnlyForDeploymentPostprocessing = 0;
		};
/* End PBXFrameworksBuildPhase section */

/* Begin PBXGroup section */
		09458CEF7523F9CFC75DB61D /* Pods */ = {
			isa = PBXGroup;
			children = (
				E61C48BA0FB684A3E7096039 /* Pods-NeuroPilot.debug.xcconfig */,
				5DF957FCA12361BFB519DDE3 /* Pods-NeuroPilot.release.xcconfig */,
			);
			path = Pods;
			sourceTree = "<group>";
		};
		78080EC32A7B80319B186CA7 /* Frameworks */ = {
			isa = PBXGroup;
			children = (
				BA5D2B48F69B2F714F0045AD /* Pods_NeuroPilot.framework */,
			);
			name = Frameworks;
			sourceTree = "<group>";
		};
		BC11356D272EDA2A00775A46 /* Session3 */ = {
			isa = PBXGroup;
			children = (
				BC90138D273D952A00012180 /* 31.json */,
				BC901389273D952A00012180 /* 32.json */,
				BC901394273D952A00012180 /* 33.json */,
				BC901392273D952A00012180 /* 34..json */,
				BC90138C273D952A00012180 /* 35..json */,
				BC90138A273D952A00012180 /* 36.json */,
				BC90138E273D952A00012180 /* 37.json */,
				BC90138F273D952A00012180 /* 38..json */,
				BC901391273D952A00012180 /* 39.json */,
				BC901390273D952A00012180 /* 40.json */,
				BC901393273D952A00012180 /* 41.json */,
				BC90138B273D952A00012180 /* 42.json */,
				BC901395273D952A00012180 /* 43.json */,
			);
			path = Session3;
			sourceTree = "<group>";
		};
		BC15BEEA27043D06005CA03F /* onBoarding */ = {
			isa = PBXGroup;
			children = (
				BC33B7BB26EBC58E00912CC6 /* onboardingViewController.swift */,
			);
			path = onBoarding;
			sourceTree = "<group>";
		};
		BC15BEEB27043D4A005CA03F /* DemoTableViewCell */ = {
			isa = PBXGroup;
			children = (
				BCB8C5D926FBA4D200E00BB4 /* DemoTableViewCell.swift */,
				BCB8C5DA26FBA4D200E00BB4 /* DemoTableViewCell.xib */,
				BCED66BE2718AD6600D8D184 /* DemoCollectionViewCell.swift */,
				BCED66BF2718AD6600D8D184 /* DemoCollectionViewCell.xib */,
			);
			path = DemoTableViewCell;
			sourceTree = "<group>";
		};
		BC15BEEC27043D6F005CA03F /* firstPage */ = {
			isa = PBXGroup;
			children = (
				BC5B9AC026E285C800DCA491 /* firstPageViewController.swift */,
				BC15BEEF27043DE6005CA03F /* QuestionsPageViewController.swift */,
				BC15BEED27043D80005CA03F /* startTestViewController.swift */,
			);
			path = firstPage;
			sourceTree = "<group>";
		};
		BC15BEF127043E85005CA03F /* login */ = {
			isa = PBXGroup;
			children = (
				BCF84CE326D14A1F00DC6691 /* loginViewController.swift */,
				BC15BEE827043CCF005CA03F /* loginOrRegisterViewController.swift */,
				BC15BEF227043E96005CA03F /* loginViaUsernameViewController.swift */,
			);
			path = login;
			sourceTree = "<group>";
		};
		BC15BEF427043F56005CA03F /* register */ = {
			isa = PBXGroup;
			children = (
				BCEEE93E26DE207D00C46AC8 /* registerViewController.swift */,
			);
			path = register;
			sourceTree = "<group>";
		};
		BC4390AD270615FA0020CBF7 /* Tasks */ = {
			isa = PBXGroup;
			children = (
				BC87500F27022954006B7834 /* taskViewController.swift */,
				BC4390AE270616180020CBF7 /* FirstTaskViewController.swift */,
			);
			path = Tasks;
			sourceTree = "<group>";
		};
		BC5B9AC226E285CF00DCA491 /* ViewControllers */ = {
			isa = PBXGroup;
			children = (
				BC5CFC762709DB9900AB1825 /* Problem */,
				BC15BEEA27043D06005CA03F /* onBoarding */,
				BC15BEF427043F56005CA03F /* register */,
				BC15BEEB27043D4A005CA03F /* DemoTableViewCell */,
				BC6BA4A726E3BBD400DAC918 /* profileViewController.swift */,
				BC3599B226EE11F6004BF358 /* forgotPasswordViewController.swift */,
				BCF17E95271F37A000F82F18 /* Session */,
				BCFA8E722717666E001972AD /* Purchase */,
				BC4390AD270615FA0020CBF7 /* Tasks */,
				BC15BEEC27043D6F005CA03F /* firstPage */,
				BC15BEF127043E85005CA03F /* login */,
				BC87500E2700C9D0006B7834 /* funcs & Classes */,
			);
			path = ViewControllers;
			sourceTree = "<group>";
		};
		BC5CE50527258F1D00259E26 /* Fonts */ = {
			isa = PBXGroup;
			children = (
				BC5CE50327258F0900259E26 /* FiraGO-Regular.otf */,
				BC5CE50627258F3900259E26 /* FiraGO-SemiBold.otf */,
			);
			path = Fonts;
			sourceTree = "<group>";
		};
		BC5CFC762709DB9900AB1825 /* Problem */ = {
			isa = PBXGroup;
			children = (
				BC5CFC742709DB8D00AB1825 /* ProblemExchangeViewController.swift */,
				BC2846182711E8CC0078308F /* EmotionalViewController.swift */,
				BC28461A2711EEEE0078308F /* PhysicalViewController.swift */,
			);
			path = Problem;
			sourceTree = "<group>";
		};
		BC75943E272882BD0072807A /* Session2 */ = {
			isa = PBXGroup;
			children = (
				BC11358B272EED9E00775A46 /* 19.json */,
				BC11358C272EED9E00775A46 /* 20.json */,
				BC11358D272EED9E00775A46 /* 21..json */,
				BC113591272EED9F00775A46 /* 22.json */,
				BC113587272EED9E00775A46 /* 23..json */,
				BC841BEA273B1FBE00D959E7 /* ocdaotxi.json */,
				BC841BEE273B225D00D959E7 /* ocdaxuti.json */,
				BC113590272EED9F00775A46 /* 26.json */,
				BC113588272EED9E00775A46 /* 27.json */,
				BC113592272EED9F00775A46 /* 28.json */,
				BC11358F272EED9F00775A46 /* 29..json */,
				BC11358A272EED9E00775A46 /* 30..json */,
			);
			path = Session2;
			sourceTree = "<group>";
		};
		BC87500E2700C9D0006B7834 /* funcs & Classes */ = {
			isa = PBXGroup;
			children = (
				BC583BF52703877A00FE5742 /* tableViewClass.swift */,
				BC87500A2700ACB2006B7834 /* fetchName.swift */,
				BC901375273D945D00012180 /* enumRoot.swift */,
			);
			path = "funcs & Classes";
			sourceTree = "<group>";
		};
		BC88C4B8272C700E00139C05 /* Problem2 */ = {
			isa = PBXGroup;
			children = (
				BC88C4B9272C701700139C05 /* AllSessions */,
			);
			path = Problem2;
			sourceTree = "<group>";
		};
		BC88C4B9272C701700139C05 /* AllSessions */ = {
			isa = PBXGroup;
			children = (
				BC901359273D93A700012180 /* 02.json */,
				BC901350273D93A700012180 /* 03..json */,
				BC901352273D93A700012180 /* 04.json */,
				BC90134A273D93A700012180 /* 05.json */,
				BC901347273D93A700012180 /* 06.json */,
				BC901358273D93A700012180 /* 07.json */,
				BC90135A273D93A700012180 /* 08..json */,
				BC901357273D93A700012180 /* 09..json */,
				BC90134E273D93A700012180 /* 010..json */,
				BC901351273D93A700012180 /* 011..json */,
				BC90134C273D93A700012180 /* 012.json */,
				BC901349273D93A700012180 /* 013.json */,
				BC901353273D93A700012180 /* 014.json */,
				BC90135B273D93A700012180 /* 015.json */,
				BC901354273D93A700012180 /* 016.json */,
				BC90134B273D93A700012180 /* 017.json */,
				BC901356273D93A700012180 /* 018.json */,
				BC90134D273D93A700012180 /* 019.json */,
				BC90134F273D93A700012180 /* 020.json */,
				BC901348273D93A700012180 /* 021.json */,
			);
			path = AllSessions;
			sourceTree = "<group>";
		};
		BCA56C9F27270C3D00780883 /* Animations */ = {
			isa = PBXGroup;
			children = (
				BCC2341F271A019C0032EB22 /* 79952-successful.json */,
				BC88C4B8272C700E00139C05 /* Problem2 */,
				BCA56CA42727136800780883 /* Problem1 */,
			);
			path = Animations;
			sourceTree = "<group>";
		};
		BCA56CA42727136800780883 /* Problem1 */ = {
			isa = PBXGroup;
			children = (
				BCA56CA22727136200780883 /* beforeSession.json */,
				BCA56CA52727138700780883 /* Session1 */,
			);
			path = Problem1;
			sourceTree = "<group>";
		};
		BCA56CA52727138700780883 /* Session1 */ = {
			isa = PBXGroup;
			children = (
				BCA56CA027270C4E00780883 /* 1.json */,
				BC75942827285F170072807A /* 2.json */,
				BC75942B27285F180072807A /* 3.json */,
				BC75942427285F160072807A /* 4.json */,
				BC75942727285F170072807A /* 5.json */,
				BC75942327285F150072807A /* 6..json */,
				BC75942127285F150072807A /* 7..json */,
				BC75942227285F150072807A /* 8.json */,
				BC75942527285F160072807A /* 9..json */,
				BC75942A27285F170072807A /* 10..json */,
				BC75941E27285F140072807A /* 11.json */,
				BC75942927285F170072807A /* 12.json */,
				BC75941F27285F140072807A /* 13..json */,
				BC75942027285F150072807A /* 14..json */,
				BC75942C27285F180072807A /* 15..json */,
				BC75942627285F160072807A /* 16.json */,
				BC75942D27285F180072807A /* 17..json */,
				BC841B9E273AE76000D959E7 /* 18.json */,
				BC75943E272882BD0072807A /* Session2 */,
				BC11356D272EDA2A00775A46 /* Session3 */,
			);
			path = Session1;
			sourceTree = "<group>";
		};
		BCF17E95271F37A000F82F18 /* Session */ = {
			isa = PBXGroup;
			children = (
				BCF17E93271F379B00F82F18 /* SessionViewController.swift */,
				BCF17E96271F412400F82F18 /* SessionSecondViewController.swift */,
			);
			path = Session;
			sourceTree = "<group>";
		};
		BCF84CD326D14A1E00DC6691 = {
			isa = PBXGroup;
			children = (
				BCF84CDE26D14A1F00DC6691 /* NeuroPilot */,
				BC5B9AC226E285CF00DCA491 /* ViewControllers */,
				BCF84CDD26D14A1F00DC6691 /* Products */,
				09458CEF7523F9CFC75DB61D /* Pods */,
				78080EC32A7B80319B186CA7 /* Frameworks */,
			);
			sourceTree = "<group>";
		};
		BCF84CDD26D14A1F00DC6691 /* Products */ = {
			isa = PBXGroup;
			children = (
				BCF84CDC26D14A1F00DC6691 /* NeuroPilot.app */,
			);
			name = Products;
			sourceTree = "<group>";
		};
		BCF84CDE26D14A1F00DC6691 /* NeuroPilot */ = {
			isa = PBXGroup;
			children = (
				BCB5DE7E26E5561E0057AC02 /* NeuroPilot.entitlements */,
				BCF84CDF26D14A1F00DC6691 /* AppDelegate.swift */,
				BCF84CE126D14A1F00DC6691 /* SceneDelegate.swift */,
				BCF84CEA26D14A2000DC6691 /* LaunchScreen.storyboard */,
				BC33B7BF26EBCBBE00912CC6 /* Assets.xcassets */,
				BCF84CED26D14A2000DC6691 /* Info.plist */,
				BCF84CF326D14A8200DC6691 /* GoogleService-Info.plist */,
				BC33E2B126DD50EA00520B84 /* credentials.plist */,
				BCA56C9F27270C3D00780883 /* Animations */,
				BC5CE50527258F1D00259E26 /* Fonts */,
			);
			path = NeuroPilot;
			sourceTree = "<group>";
		};
		BCFA8E722717666E001972AD /* Purchase */ = {
			isa = PBXGroup;
			children = (
				BCFA8E7027176663001972AD /* PurchasePageViewController.swift */,
				BCC2341D2719F2E70032EB22 /* BankPageViewController.swift */,
				BCED66B42718993600D8D184 /* SaleItemsViewController.swift */,
			);
			path = Purchase;
			sourceTree = "<group>";
		};
/* End PBXGroup section */

/* Begin PBXNativeTarget section */
		BCF84CDB26D14A1E00DC6691 /* NeuroPilot */ = {
			isa = PBXNativeTarget;
			buildConfigurationList = BCF84CF026D14A2000DC6691 /* Build configuration list for PBXNativeTarget "NeuroPilot" */;
			buildPhases = (
				A87583902C9D6D741AEE0287 /* [CP] Check Pods Manifest.lock */,
				BCF84CD826D14A1E00DC6691 /* Sources */,
				BCF84CD926D14A1E00DC6691 /* Frameworks */,
				BCF84CDA26D14A1E00DC6691 /* Resources */,
				7E2556979C3AFC1B7A549297 /* [CP] Embed Pods Frameworks */,
				8667F41DDDF7F1B37DF17153 /* [CP] Copy Pods Resources */,
			);
			buildRules = (
			);
			dependencies = (
			);
			name = NeuroPilot;
			productName = NeuroPilot;
			productReference = BCF84CDC26D14A1F00DC6691 /* NeuroPilot.app */;
			productType = "com.apple.product-type.application";
		};
/* End PBXNativeTarget section */

/* Begin PBXProject section */
		BCF84CD426D14A1E00DC6691 /* Project object */ = {
			isa = PBXProject;
			attributes = {
				LastSwiftUpdateCheck = 1250;
				LastUpgradeCheck = 1250;
				TargetAttributes = {
					BCF84CDB26D14A1E00DC6691 = {
						CreatedOnToolsVersion = 12.5.1;
					};
				};
			};
			buildConfigurationList = BCF84CD726D14A1E00DC6691 /* Build configuration list for PBXProject "NeuroPilot" */;
			compatibilityVersion = "Xcode 9.3";
			developmentRegion = en;
			hasScannedForEncodings = 0;
			knownRegions = (
				en,
				Base,
			);
			mainGroup = BCF84CD326D14A1E00DC6691;
			productRefGroup = BCF84CDD26D14A1F00DC6691 /* Products */;
			projectDirPath = "";
			projectRoot = "";
			targets = (
				BCF84CDB26D14A1E00DC6691 /* NeuroPilot */,
			);
		};
/* End PBXProject section */

/* Begin PBXResourcesBuildPhase section */
		BCF84CDA26D14A1E00DC6691 /* Resources */ = {
			isa = PBXResourcesBuildPhase;
			buildActionMask = 2147483647;
			files = (
				BC5CE50427258F0A00259E26 /* FiraGO-Regular.otf in Resources */,
				BCF84CEC26D14A2000DC6691 /* LaunchScreen.storyboard in Resources */,
				BCF84CF426D14A8200DC6691 /* GoogleService-Info.plist in Resources */,
				BC9013A0273D952A00012180 /* 41.json in Resources */,
				BC75943527285F180072807A /* 9..json in Resources */,
				BC33E2B226DD50EA00520B84 /* credentials.plist in Resources */,
				BC901365273D93A800012180 /* 010..json in Resources */,
				BC90139C273D952A00012180 /* 38..json in Resources */,
				BC901399273D952A00012180 /* 35..json in Resources */,
				BC113597272EED9F00775A46 /* 30..json in Resources */,
				BC901367273D93A800012180 /* 03..json in Resources */,
				BC90139B273D952A00012180 /* 37.json in Resources */,
				BC75943927285F180072807A /* 12.json in Resources */,
				BC90135E273D93A800012180 /* 06.json in Resources */,
				BC901372273D93A800012180 /* 015.json in Resources */,
				BC90136D273D93A800012180 /* 018.json in Resources */,
				BCA56CA32727136300780883 /* beforeSession.json in Resources */,
				BC113594272EED9F00775A46 /* 23..json in Resources */,
				BC90136A273D93A800012180 /* 014.json in Resources */,
				BC90139E273D952A00012180 /* 39.json in Resources */,
				BCB8C5DC26FBA4D200E00BB4 /* DemoTableViewCell.xib in Resources */,
				BC841B9F273AE76000D959E7 /* 18.json in Resources */,
				BC11359E272EED9F00775A46 /* 22.json in Resources */,
				BC75943C27285F180072807A /* 15..json in Resources */,
				BC113598272EED9F00775A46 /* 19.json in Resources */,
				BC75943227285F180072807A /* 8.json in Resources */,
				BC75943727285F180072807A /* 5.json in Resources */,
				BC841BEC273B1FBE00D959E7 /* ocdaotxi.json in Resources */,
				BC11359D272EED9F00775A46 /* 26.json in Resources */,
				BCA56CA127270C4E00780883 /* 1.json in Resources */,
				BC901369273D93A800012180 /* 04.json in Resources */,
				BC901396273D952A00012180 /* 32.json in Resources */,
				BC75943027285F180072807A /* 14..json in Resources */,
				BC75943627285F180072807A /* 16.json in Resources */,
				BC901360273D93A800012180 /* 013.json in Resources */,
				BC113595272EED9F00775A46 /* 27.json in Resources */,
				BC901361273D93A800012180 /* 05.json in Resources */,
				BC90136F273D93A800012180 /* 07.json in Resources */,
				BC9013A2273D952A00012180 /* 43.json in Resources */,
				BC901398273D952A00012180 /* 42.json in Resources */,
				BC33B7C026EBCBBE00912CC6 /* Assets.xcassets in Resources */,
				BC75943427285F180072807A /* 4.json in Resources */,
				BC90139A273D952A00012180 /* 31.json in Resources */,
				BC901362273D93A800012180 /* 017.json in Resources */,
				BC75943A27285F180072807A /* 10..json in Resources */,
				BC11359A272EED9F00775A46 /* 21..json in Resources */,
				BC9013A1273D952A00012180 /* 33.json in Resources */,
				BC75943827285F180072807A /* 2.json in Resources */,
				BC75943D27285F180072807A /* 17..json in Resources */,
				BC75943327285F180072807A /* 6..json in Resources */,
				BC90136E273D93A800012180 /* 09..json in Resources */,
				BCC23420271A019C0032EB22 /* 79952-successful.json in Resources */,
				BC75942F27285F180072807A /* 13..json in Resources */,
				BC75943B27285F180072807A /* 3.json in Resources */,
				BC901368273D93A800012180 /* 011..json in Resources */,
				BC901366273D93A800012180 /* 020.json in Resources */,
				BC75942E27285F180072807A /* 11.json in Resources */,
				BC901370273D93A800012180 /* 02.json in Resources */,
				BC11359F272EED9F00775A46 /* 28.json in Resources */,
				BC901363273D93A800012180 /* 012.json in Resources */,
				BC75943127285F180072807A /* 7..json in Resources */,
				BC901371273D93A800012180 /* 08..json in Resources */,
				BC11359C272EED9F00775A46 /* 29..json in Resources */,
				BC113599272EED9F00775A46 /* 20.json in Resources */,
				BC901364273D93A800012180 /* 019.json in Resources */,
				BC901397273D952A00012180 /* 36.json in Resources */,
				BC841BEF273B225D00D959E7 /* ocdaxuti.json in Resources */,
				BCED66C12718AD6600D8D184 /* DemoCollectionViewCell.xib in Resources */,
				BC5CE50727258F3900259E26 /* FiraGO-SemiBold.otf in Resources */,
				BC90136B273D93A800012180 /* 016.json in Resources */,
				BC90135F273D93A800012180 /* 021.json in Resources */,
				BC90139D273D952A00012180 /* 40.json in Resources */,
				BC90139F273D952A00012180 /* 34..json in Resources */,
			);
			runOnlyForDeploymentPostprocessing = 0;
		};
/* End PBXResourcesBuildPhase section */

/* Begin PBXShellScriptBuildPhase section */
		7E2556979C3AFC1B7A549297 /* [CP] Embed Pods Frameworks */ = {
			isa = PBXShellScriptBuildPhase;
			buildActionMask = 2147483647;
			files = (
			);
			inputFileListPaths = (
				"${PODS_ROOT}/Target Support Files/Pods-NeuroPilot/Pods-NeuroPilot-frameworks-${CONFIGURATION}-input-files.xcfilelist",
			);
			name = "[CP] Embed Pods Frameworks";
			outputFileListPaths = (
				"${PODS_ROOT}/Target Support Files/Pods-NeuroPilot/Pods-NeuroPilot-frameworks-${CONFIGURATION}-output-files.xcfilelist",
			);
			runOnlyForDeploymentPostprocessing = 0;
			shellPath = /bin/sh;
			shellScript = "\"${PODS_ROOT}/Target Support Files/Pods-NeuroPilot/Pods-NeuroPilot-frameworks.sh\"\n";
			showEnvVarsInLog = 0;
		};
		8667F41DDDF7F1B37DF17153 /* [CP] Copy Pods Resources */ = {
			isa = PBXShellScriptBuildPhase;
			buildActionMask = 2147483647;
			files = (
			);
			inputFileListPaths = (
				"${PODS_ROOT}/Target Support Files/Pods-NeuroPilot/Pods-NeuroPilot-resources-${CONFIGURATION}-input-files.xcfilelist",
			);
			name = "[CP] Copy Pods Resources";
			outputFileListPaths = (
				"${PODS_ROOT}/Target Support Files/Pods-NeuroPilot/Pods-NeuroPilot-resources-${CONFIGURATION}-output-files.xcfilelist",
			);
			runOnlyForDeploymentPostprocessing = 0;
			shellPath = /bin/sh;
			shellScript = "\"${PODS_ROOT}/Target Support Files/Pods-NeuroPilot/Pods-NeuroPilot-resources.sh\"\n";
			showEnvVarsInLog = 0;
		};
		A87583902C9D6D741AEE0287 /* [CP] Check Pods Manifest.lock */ = {
			isa = PBXShellScriptBuildPhase;
			buildActionMask = 2147483647;
			files = (
			);
			inputFileListPaths = (
			);
			inputPaths = (
				"${PODS_PODFILE_DIR_PATH}/Podfile.lock",
				"${PODS_ROOT}/Manifest.lock",
			);
			name = "[CP] Check Pods Manifest.lock";
			outputFileListPaths = (
			);
			outputPaths = (
				"$(DERIVED_FILE_DIR)/Pods-NeuroPilot-checkManifestLockResult.txt",
			);
			runOnlyForDeploymentPostprocessing = 0;
			shellPath = /bin/sh;
			shellScript = "diff \"${PODS_PODFILE_DIR_PATH}/Podfile.lock\" \"${PODS_ROOT}/Manifest.lock\" > /dev/null\nif [ $? != 0 ] ; then\n    # print error to STDERR\n    echo \"error: The sandbox is not in sync with the Podfile.lock. Run 'pod install' or update your CocoaPods installation.\" >&2\n    exit 1\nfi\n# This output is used by Xcode 'outputs' to avoid re-running this script phase.\necho \"SUCCESS\" > \"${SCRIPT_OUTPUT_FILE_0}\"\n";
			showEnvVarsInLog = 0;
		};
/* End PBXShellScriptBuildPhase section */

/* Begin PBXSourcesBuildPhase section */
		BCF84CD826D14A1E00DC6691 /* Sources */ = {
			isa = PBXSourcesBuildPhase;
			buildActionMask = 2147483647;
			files = (
				BCF17E94271F379B00F82F18 /* SessionViewController.swift in Sources */,
				BCB8C5DB26FBA4D200E00BB4 /* DemoTableViewCell.swift in Sources */,
				BC3599B326EE11F6004BF358 /* forgotPasswordViewController.swift in Sources */,
				BC15BEF027043DE6005CA03F /* QuestionsPageViewController.swift in Sources */,
				BCFA8E7127176663001972AD /* PurchasePageViewController.swift in Sources */,
				BCF84CE426D14A1F00DC6691 /* loginViewController.swift in Sources */,
				BC901376273D945D00012180 /* enumRoot.swift in Sources */,
				BC87500B2700ACB2006B7834 /* fetchName.swift in Sources */,
				BC583BF62703877A00FE5742 /* tableViewClass.swift in Sources */,
				BCC2341E2719F2E70032EB22 /* BankPageViewController.swift in Sources */,
				BCF84CE026D14A1F00DC6691 /* AppDelegate.swift in Sources */,
				BC15BEF327043E96005CA03F /* loginViaUsernameViewController.swift in Sources */,
				BC2846192711E8CC0078308F /* EmotionalViewController.swift in Sources */,
				BCED66B52718993600D8D184 /* SaleItemsViewController.swift in Sources */,
				BC6BA4A826E3BBD500DAC918 /* profileViewController.swift in Sources */,
				BC4390AF270616190020CBF7 /* FirstTaskViewController.swift in Sources */,
				BCF17E97271F412400F82F18 /* SessionSecondViewController.swift in Sources */,
				BCED66C02718AD6600D8D184 /* DemoCollectionViewCell.swift in Sources */,
				BC28461B2711EEEE0078308F /* PhysicalViewController.swift in Sources */,
				BC15BEEE27043D80005CA03F /* startTestViewController.swift in Sources */,
				BC5CFC752709DB8E00AB1825 /* ProblemExchangeViewController.swift in Sources */,
				BCF84CE226D14A1F00DC6691 /* SceneDelegate.swift in Sources */,
				BC5B9AC126E285C800DCA491 /* firstPageViewController.swift in Sources */,
				BCEEE93F26DE207D00C46AC8 /* registerViewController.swift in Sources */,
				BC15BEE927043CCF005CA03F /* loginOrRegisterViewController.swift in Sources */,
				BC33B7BC26EBC58E00912CC6 /* onboardingViewController.swift in Sources */,
				BC87501027022954006B7834 /* taskViewController.swift in Sources */,
			);
			runOnlyForDeploymentPostprocessing = 0;
		};
/* End PBXSourcesBuildPhase section */

/* Begin PBXVariantGroup section */
		BCF84CEA26D14A2000DC6691 /* LaunchScreen.storyboard */ = {
			isa = PBXVariantGroup;
			children = (
				BCF84CEB26D14A2000DC6691 /* Base */,
			);
			name = LaunchScreen.storyboard;
			sourceTree = "<group>";
		};
/* End PBXVariantGroup section */

/* Begin XCBuildConfiguration section */
		BCF84CEE26D14A2000DC6691 /* Debug */ = {
			isa = XCBuildConfiguration;
			buildSettings = {
				ALWAYS_SEARCH_USER_PATHS = NO;
				CLANG_ANALYZER_NONNULL = YES;
				CLANG_ANALYZER_NUMBER_OBJECT_CONVERSION = YES_AGGRESSIVE;
				CLANG_CXX_LANGUAGE_STANDARD = "gnu++14";
				CLANG_CXX_LIBRARY = "libc++";
				CLANG_ENABLE_MODULES = YES;
				CLANG_ENABLE_OBJC_ARC = YES;
				CLANG_ENABLE_OBJC_WEAK = YES;
				CLANG_WARN_BLOCK_CAPTURE_AUTORELEASING = YES;
				CLANG_WARN_BOOL_CONVERSION = YES;
				CLANG_WARN_COMMA = YES;
				CLANG_WARN_CONSTANT_CONVERSION = YES;
				CLANG_WARN_DEPRECATED_OBJC_IMPLEMENTATIONS = YES;
				CLANG_WARN_DIRECT_OBJC_ISA_USAGE = YES_ERROR;
				CLANG_WARN_DOCUMENTATION_COMMENTS = YES;
				CLANG_WARN_EMPTY_BODY = YES;
				CLANG_WARN_ENUM_CONVERSION = YES;
				CLANG_WARN_INFINITE_RECURSION = YES;
				CLANG_WARN_INT_CONVERSION = YES;
				CLANG_WARN_NON_LITERAL_NULL_CONVERSION = YES;
				CLANG_WARN_OBJC_IMPLICIT_RETAIN_SELF = YES;
				CLANG_WARN_OBJC_LITERAL_CONVERSION = YES;
				CLANG_WARN_OBJC_ROOT_CLASS = YES_ERROR;
				CLANG_WARN_QUOTED_INCLUDE_IN_FRAMEWORK_HEADER = YES;
				CLANG_WARN_RANGE_LOOP_ANALYSIS = YES;
				CLANG_WARN_STRICT_PROTOTYPES = YES;
				CLANG_WARN_SUSPICIOUS_MOVE = YES;
				CLANG_WARN_UNGUARDED_AVAILABILITY = YES_AGGRESSIVE;
				CLANG_WARN_UNREACHABLE_CODE = YES;
				CLANG_WARN__DUPLICATE_METHOD_MATCH = YES;
				COPY_PHASE_STRIP = NO;
				DEBUG_INFORMATION_FORMAT = dwarf;
				ENABLE_STRICT_OBJC_MSGSEND = YES;
				ENABLE_TESTABILITY = YES;
				GCC_C_LANGUAGE_STANDARD = gnu11;
				GCC_DYNAMIC_NO_PIC = NO;
				GCC_NO_COMMON_BLOCKS = YES;
				GCC_OPTIMIZATION_LEVEL = 0;
				GCC_PREPROCESSOR_DEFINITIONS = (
					"DEBUG=1",
					"$(inherited)",
				);
				GCC_WARN_64_TO_32_BIT_CONVERSION = YES;
				GCC_WARN_ABOUT_RETURN_TYPE = YES_ERROR;
				GCC_WARN_UNDECLARED_SELECTOR = YES;
				GCC_WARN_UNINITIALIZED_AUTOS = YES_AGGRESSIVE;
				GCC_WARN_UNUSED_FUNCTION = YES;
				GCC_WARN_UNUSED_VARIABLE = YES;
				IPHONEOS_DEPLOYMENT_TARGET = 14.5;
				MTL_ENABLE_DEBUG_INFO = INCLUDE_SOURCE;
				MTL_FAST_MATH = YES;
				ONLY_ACTIVE_ARCH = YES;
				SDKROOT = iphoneos;
				SWIFT_ACTIVE_COMPILATION_CONDITIONS = DEBUG;
				SWIFT_OPTIMIZATION_LEVEL = "-Onone";
			};
			name = Debug;
		};
		BCF84CEF26D14A2000DC6691 /* Release */ = {
			isa = XCBuildConfiguration;
			buildSettings = {
				ALWAYS_SEARCH_USER_PATHS = NO;
				CLANG_ANALYZER_NONNULL = YES;
				CLANG_ANALYZER_NUMBER_OBJECT_CONVERSION = YES_AGGRESSIVE;
				CLANG_CXX_LANGUAGE_STANDARD = "gnu++14";
				CLANG_CXX_LIBRARY = "libc++";
				CLANG_ENABLE_MODULES = YES;
				CLANG_ENABLE_OBJC_ARC = YES;
				CLANG_ENABLE_OBJC_WEAK = YES;
				CLANG_WARN_BLOCK_CAPTURE_AUTORELEASING = YES;
				CLANG_WARN_BOOL_CONVERSION = YES;
				CLANG_WARN_COMMA = YES;
				CLANG_WARN_CONSTANT_CONVERSION = YES;
				CLANG_WARN_DEPRECATED_OBJC_IMPLEMENTATIONS = YES;
				CLANG_WARN_DIRECT_OBJC_ISA_USAGE = YES_ERROR;
				CLANG_WARN_DOCUMENTATION_COMMENTS = YES;
				CLANG_WARN_EMPTY_BODY = YES;
				CLANG_WARN_ENUM_CONVERSION = YES;
				CLANG_WARN_INFINITE_RECURSION = YES;
				CLANG_WARN_INT_CONVERSION = YES;
				CLANG_WARN_NON_LITERAL_NULL_CONVERSION = YES;
				CLANG_WARN_OBJC_IMPLICIT_RETAIN_SELF = YES;
				CLANG_WARN_OBJC_LITERAL_CONVERSION = YES;
				CLANG_WARN_OBJC_ROOT_CLASS = YES_ERROR;
				CLANG_WARN_QUOTED_INCLUDE_IN_FRAMEWORK_HEADER = YES;
				CLANG_WARN_RANGE_LOOP_ANALYSIS = YES;
				CLANG_WARN_STRICT_PROTOTYPES = YES;
				CLANG_WARN_SUSPICIOUS_MOVE = YES;
				CLANG_WARN_UNGUARDED_AVAILABILITY = YES_AGGRESSIVE;
				CLANG_WARN_UNREACHABLE_CODE = YES;
				CLANG_WARN__DUPLICATE_METHOD_MATCH = YES;
				COPY_PHASE_STRIP = NO;
				DEBUG_INFORMATION_FORMAT = "dwarf-with-dsym";
				ENABLE_NS_ASSERTIONS = NO;
				ENABLE_STRICT_OBJC_MSGSEND = YES;
				GCC_C_LANGUAGE_STANDARD = gnu11;
				GCC_NO_COMMON_BLOCKS = YES;
				GCC_WARN_64_TO_32_BIT_CONVERSION = YES;
				GCC_WARN_ABOUT_RETURN_TYPE = YES_ERROR;
				GCC_WARN_UNDECLARED_SELECTOR = YES;
				GCC_WARN_UNINITIALIZED_AUTOS = YES_AGGRESSIVE;
				GCC_WARN_UNUSED_FUNCTION = YES;
				GCC_WARN_UNUSED_VARIABLE = YES;
				IPHONEOS_DEPLOYMENT_TARGET = 14.5;
				MTL_ENABLE_DEBUG_INFO = NO;
				MTL_FAST_MATH = YES;
				SDKROOT = iphoneos;
				SWIFT_COMPILATION_MODE = wholemodule;
				SWIFT_OPTIMIZATION_LEVEL = "-O";
				VALIDATE_PRODUCT = YES;
			};
			name = Release;
		};
		BCF84CF126D14A2000DC6691 /* Debug */ = {
			isa = XCBuildConfiguration;
			baseConfigurationReference = E61C48BA0FB684A3E7096039 /* Pods-NeuroPilot.debug.xcconfig */;
			buildSettings = {
				ASSETCATALOG_COMPILER_APPICON_NAME = AppIcon;
				ASSETCATALOG_COMPILER_GLOBAL_ACCENT_COLOR_NAME = AccentColor;
				CLANG_WARN_DEPRECATED_OBJC_IMPLEMENTATIONS = YES;
				CODE_SIGN_ENTITLEMENTS = NeuroPilot/NeuroPilot.entitlements;
				CODE_SIGN_STYLE = Automatic;
				CURRENT_PROJECT_VERSION = 3;
				DEVELOPMENT_TEAM = 3J5J5NZ5HM;
				GCC_WARN_ABOUT_DEPRECATED_FUNCTIONS = YES;
				INFOPLIST_FILE = NeuroPilot/Info.plist;
				IPHONEOS_DEPLOYMENT_TARGET = 14.5;
				LD_RUNPATH_SEARCH_PATHS = (
					"$(inherited)",
					"@executable_path/Frameworks",
				);
				MARKETING_VERSION = 1.0;
				PRODUCT_BUNDLE_IDENTIFIER = kakha.NeuroPilot1;
				PRODUCT_NAME = "$(TARGET_NAME)";
				SUPPORTS_MACCATALYST = NO;
				SUPPORTS_MAC_DESIGNED_FOR_IPHONE_IPAD = NO;
				SWIFT_VERSION = 5.0;
				TARGETED_DEVICE_FAMILY = 1;
			};
			name = Debug;
		};
		BCF84CF226D14A2000DC6691 /* Release */ = {
			isa = XCBuildConfiguration;
			baseConfigurationReference = 5DF957FCA12361BFB519DDE3 /* Pods-NeuroPilot.release.xcconfig */;
			buildSettings = {
				ASSETCATALOG_COMPILER_APPICON_NAME = AppIcon;
				ASSETCATALOG_COMPILER_GLOBAL_ACCENT_COLOR_NAME = AccentColor;
				CLANG_WARN_DEPRECATED_OBJC_IMPLEMENTATIONS = YES;
				CODE_SIGN_ENTITLEMENTS = NeuroPilot/NeuroPilot.entitlements;
				CODE_SIGN_STYLE = Automatic;
				CURRENT_PROJECT_VERSION = 3;
				DEVELOPMENT_TEAM = 3J5J5NZ5HM;
				GCC_WARN_ABOUT_DEPRECATED_FUNCTIONS = YES;
				INFOPLIST_FILE = NeuroPilot/Info.plist;
				IPHONEOS_DEPLOYMENT_TARGET = 14.5;
				LD_RUNPATH_SEARCH_PATHS = (
					"$(inherited)",
					"@executable_path/Frameworks",
				);
				MARKETING_VERSION = 1.0;
				PRODUCT_BUNDLE_IDENTIFIER = kakha.NeuroPilot1;
				PRODUCT_NAME = "$(TARGET_NAME)";
				SUPPORTS_MACCATALYST = NO;
				SUPPORTS_MAC_DESIGNED_FOR_IPHONE_IPAD = NO;
				SWIFT_VERSION = 5.0;
				TARGETED_DEVICE_FAMILY = 1;
			};
			name = Release;
		};
/* End XCBuildConfiguration section */

/* Begin XCConfigurationList section */
		BCF84CD726D14A1E00DC6691 /* Build configuration list for PBXProject "NeuroPilot" */ = {
			isa = XCConfigurationList;
			buildConfigurations = (
				BCF84CEE26D14A2000DC6691 /* Debug */,
				BCF84CEF26D14A2000DC6691 /* Release */,
			);
			defaultConfigurationIsVisible = 0;
			defaultConfigurationName = Release;
		};
		BCF84CF026D14A2000DC6691 /* Build configuration list for PBXNativeTarget "NeuroPilot" */ = {
			isa = XCConfigurationList;
			buildConfigurations = (
				BCF84CF126D14A2000DC6691 /* Debug */,
				BCF84CF226D14A2000DC6691 /* Release */,
			);
			defaultConfigurationIsVisible = 0;
			defaultConfigurationName = Release;
		};
/* End XCConfigurationList section */
	};
	rootObject = BCF84CD426D14A1E00DC6691 /* Project object */;
}
